// !$*UTF8*$!
{
	archiveVersion = 1;
	classes = {
	};
	objectVersion = 50;
	objects = {

/* Begin PBXBuildFile section */
		0044B5EC24CEE594007638D1 /* AppDelegate.swift in Sources */ = {isa = PBXBuildFile; fileRef = 0044B5EB24CEE594007638D1 /* AppDelegate.swift */; };
		0044B5EE24CEE594007638D1 /* SceneDelegate.swift in Sources */ = {isa = PBXBuildFile; fileRef = 0044B5ED24CEE594007638D1 /* SceneDelegate.swift */; };
		0044B5F024CEE594007638D1 /* MenuPage.swift in Sources */ = {isa = PBXBuildFile; fileRef = 0044B5EF24CEE594007638D1 /* MenuPage.swift */; };
		0044B5F324CEE594007638D1 /* Main.storyboard in Resources */ = {isa = PBXBuildFile; fileRef = 0044B5F124CEE594007638D1 /* Main.storyboard */; };
		0044B5F524CEE596007638D1 /* Assets.xcassets in Resources */ = {isa = PBXBuildFile; fileRef = 0044B5F424CEE596007638D1 /* Assets.xcassets */; };
		0044B5F824CEE596007638D1 /* LaunchScreen.storyboard in Resources */ = {isa = PBXBuildFile; fileRef = 0044B5F624CEE596007638D1 /* LaunchScreen.storyboard */; };
		0044B60324CEE597007638D1 /* TokiDriftTests.swift in Sources */ = {isa = PBXBuildFile; fileRef = 0044B60224CEE597007638D1 /* TokiDriftTests.swift */; };
		0044B60E24CEE597007638D1 /* TokiDriftUITests.swift in Sources */ = {isa = PBXBuildFile; fileRef = 0044B60D24CEE597007638D1 /* TokiDriftUITests.swift */; };
		00C6BE5B278FBADA008307E5 /* ChooseMenu.swift in Sources */ = {isa = PBXBuildFile; fileRef = 00C6BE5A278FBADA008307E5 /* ChooseMenu.swift */; };
		00E81BBB279F3F48001D791D /* RiepilogoPage.swift in Sources */ = {isa = PBXBuildFile; fileRef = 00E81BBA279F3F48001D791D /* RiepilogoPage.swift */; };
/* End PBXBuildFile section */

/* Begin PBXContainerItemProxy section */
		0044B5FF24CEE597007638D1 /* PBXContainerItemProxy */ = {
			isa = PBXContainerItemProxy;
			containerPortal = 0044B5E024CEE594007638D1 /* Project object */;
			proxyType = 1;
			remoteGlobalIDString = 0044B5E724CEE594007638D1;
			remoteInfo = TokiDrift;
		};
		0044B60A24CEE597007638D1 /* PBXContainerItemProxy */ = {
			isa = PBXContainerItemProxy;
			containerPortal = 0044B5E024CEE594007638D1 /* Project object */;
			proxyType = 1;
			remoteGlobalIDString = 0044B5E724CEE594007638D1;
			remoteInfo = TokiDrift;
		};
/* End PBXContainerItemProxy section */

/* Begin PBXFileReference section */
		0044B5E824CEE594007638D1 /* TokiDrift.app */ = {isa = PBXFileReference; explicitFileType = wrapper.application; includeInIndex = 0; path = TokiDrift.app; sourceTree = BUILT_PRODUCTS_DIR; };
		0044B5EB24CEE594007638D1 /* AppDelegate.swift */ = {isa = PBXFileReference; lastKnownFileType = sourcecode.swift; path = AppDelegate.swift; sourceTree = "<group>"; };
		0044B5ED24CEE594007638D1 /* SceneDelegate.swift */ = {isa = PBXFileReference; lastKnownFileType = sourcecode.swift; path = SceneDelegate.swift; sourceTree = "<group>"; };
		0044B5EF24CEE594007638D1 /* MenuPage.swift */ = {isa = PBXFileReference; lastKnownFileType = sourcecode.swift; path = MenuPage.swift; sourceTree = "<group>"; };
		0044B5F224CEE594007638D1 /* Base */ = {isa = PBXFileReference; lastKnownFileType = file.storyboard; name = Base; path = Base.lproj/Main.storyboard; sourceTree = "<group>"; };
		0044B5F424CEE596007638D1 /* Assets.xcassets */ = {isa = PBXFileReference; lastKnownFileType = folder.assetcatalog; path = Assets.xcassets; sourceTree = "<group>"; };
		0044B5F724CEE596007638D1 /* Base */ = {isa = PBXFileReference; lastKnownFileType = file.storyboard; name = Base; path = Base.lproj/LaunchScreen.storyboard; sourceTree = "<group>"; };
		0044B5F924CEE596007638D1 /* Info.plist */ = {isa = PBXFileReference; lastKnownFileType = text.plist.xml; path = Info.plist; sourceTree = "<group>"; };
		0044B5FE24CEE597007638D1 /* TokiDriftTests.xctest */ = {isa = PBXFileReference; explicitFileType = wrapper.cfbundle; includeInIndex = 0; path = TokiDriftTests.xctest; sourceTree = BUILT_PRODUCTS_DIR; };
		0044B60224CEE597007638D1 /* TokiDriftTests.swift */ = {isa = PBXFileReference; lastKnownFileType = sourcecode.swift; path = TokiDriftTests.swift; sourceTree = "<group>"; };
		0044B60424CEE597007638D1 /* Info.plist */ = {isa = PBXFileReference; lastKnownFileType = text.plist.xml; path = Info.plist; sourceTree = "<group>"; };
		0044B60924CEE597007638D1 /* TokiDriftUITests.xctest */ = {isa = PBXFileReference; explicitFileType = wrapper.cfbundle; includeInIndex = 0; path = TokiDriftUITests.xctest; sourceTree = BUILT_PRODUCTS_DIR; };
		0044B60D24CEE597007638D1 /* TokiDriftUITests.swift */ = {isa = PBXFileReference; lastKnownFileType = sourcecode.swift; path = TokiDriftUITests.swift; sourceTree = "<group>"; };
		0044B60F24CEE597007638D1 /* Info.plist */ = {isa = PBXFileReference; lastKnownFileType = text.plist.xml; path = Info.plist; sourceTree = "<group>"; };
		00C6BE5A278FBADA008307E5 /* ChooseMenu.swift */ = {isa = PBXFileReference; lastKnownFileType = sourcecode.swift; path = ChooseMenu.swift; sourceTree = "<group>"; };
		00E81BBA279F3F48001D791D /* RiepilogoPage.swift */ = {isa = PBXFileReference; lastKnownFileType = sourcecode.swift; path = RiepilogoPage.swift; sourceTree = "<group>"; };
/* End PBXFileReference section */

/* Begin PBXFrameworksBuildPhase section */
		0044B5E524CEE594007638D1 /* Frameworks */ = {
			isa = PBXFrameworksBuildPhase;
			buildActionMask = 2147483647;
			files = (
			);
			runOnlyForDeploymentPostprocessing = 0;
		};
		0044B5FB24CEE597007638D1 /* Frameworks */ = {
			isa = PBXFrameworksBuildPhase;
			buildActionMask = 2147483647;
			files = (
			);
			runOnlyForDeploymentPostprocessing = 0;
		};
		0044B60624CEE597007638D1 /* Frameworks */ = {
			isa = PBXFrameworksBuildPhase;
			buildActionMask = 2147483647;
			files = (
			);
			runOnlyForDeploymentPostprocessing = 0;
		};
/* End PBXFrameworksBuildPhase section */

/* Begin PBXGroup section */
		0044B5DF24CEE594007638D1 = {
			isa = PBXGroup;
			children = (
				0044B5EA24CEE594007638D1 /* TokiDrift */,
				0044B60124CEE597007638D1 /* TokiDriftTests */,
				0044B60C24CEE597007638D1 /* TokiDriftUITests */,
				0044B5E924CEE594007638D1 /* Products */,
			);
			sourceTree = "<group>";
		};
		0044B5E924CEE594007638D1 /* Products */ = {
			isa = PBXGroup;
			children = (
				0044B5E824CEE594007638D1 /* TokiDrift.app */,
				0044B5FE24CEE597007638D1 /* TokiDriftTests.xctest */,
				0044B60924CEE597007638D1 /* TokiDriftUITests.xctest */,
			);
			name = Products;
			sourceTree = "<group>";
		};
		0044B5EA24CEE594007638D1 /* TokiDrift */ = {
			isa = PBXGroup;
			children = (
				0044B5EB24CEE594007638D1 /* AppDelegate.swift */,
				0044B5ED24CEE594007638D1 /* SceneDelegate.swift */,
				00C6BE5A278FBADA008307E5 /* ChooseMenu.swift */,
				0044B5EF24CEE594007638D1 /* MenuPage.swift */,
				00E81BBA279F3F48001D791D /* RiepilogoPage.swift */,
				0044B5F124CEE594007638D1 /* Main.storyboard */,
				0044B5F424CEE596007638D1 /* Assets.xcassets */,
				0044B5F624CEE596007638D1 /* LaunchScreen.storyboard */,
				0044B5F924CEE596007638D1 /* Info.plist */,
			);
			path = TokiDrift;
			sourceTree = "<group>";
		};
		0044B60124CEE597007638D1 /* TokiDriftTests */ = {
			isa = PBXGroup;
			children = (
				0044B60224CEE597007638D1 /* TokiDriftTests.swift */,
				0044B60424CEE597007638D1 /* Info.plist */,
			);
			path = TokiDriftTests;
			sourceTree = "<group>";
		};
		0044B60C24CEE597007638D1 /* TokiDriftUITests */ = {
			isa = PBXGroup;
			children = (
				0044B60D24CEE597007638D1 /* TokiDriftUITests.swift */,
				0044B60F24CEE597007638D1 /* Info.plist */,
			);
			path = TokiDriftUITests;
			sourceTree = "<group>";
		};
/* End PBXGroup section */

/* Begin PBXNativeTarget section */
		0044B5E724CEE594007638D1 /* TokiDrift */ = {
			isa = PBXNativeTarget;
			buildConfigurationList = 0044B61224CEE597007638D1 /* Build configuration list for PBXNativeTarget "TokiDrift" */;
			buildPhases = (
				0044B5E424CEE594007638D1 /* Sources */,
				0044B5E524CEE594007638D1 /* Frameworks */,
				0044B5E624CEE594007638D1 /* Resources */,
			);
			buildRules = (
			);
			dependencies = (
			);
			name = TokiDrift;
			productName = TokiDrift;
			productReference = 0044B5E824CEE594007638D1 /* TokiDrift.app */;
			productType = "com.apple.product-type.application";
		};
		0044B5FD24CEE597007638D1 /* TokiDriftTests */ = {
			isa = PBXNativeTarget;
			buildConfigurationList = 0044B61524CEE597007638D1 /* Build configuration list for PBXNativeTarget "TokiDriftTests" */;
			buildPhases = (
				0044B5FA24CEE597007638D1 /* Sources */,
				0044B5FB24CEE597007638D1 /* Frameworks */,
				0044B5FC24CEE597007638D1 /* Resources */,
			);
			buildRules = (
			);
			dependencies = (
				0044B60024CEE597007638D1 /* PBXTargetDependency */,
			);
			name = TokiDriftTests;
			productName = TokiDriftTests;
			productReference = 0044B5FE24CEE597007638D1 /* TokiDriftTests.xctest */;
			productType = "com.apple.product-type.bundle.unit-test";
		};
		0044B60824CEE597007638D1 /* TokiDriftUITests */ = {
			isa = PBXNativeTarget;
			buildConfigurationList = 0044B61824CEE597007638D1 /* Build configuration list for PBXNativeTarget "TokiDriftUITests" */;
			buildPhases = (
				0044B60524CEE597007638D1 /* Sources */,
				0044B60624CEE597007638D1 /* Frameworks */,
				0044B60724CEE597007638D1 /* Resources */,
			);
			buildRules = (
			);
			dependencies = (
				0044B60B24CEE597007638D1 /* PBXTargetDependency */,
			);
			name = TokiDriftUITests;
			productName = TokiDriftUITests;
			productReference = 0044B60924CEE597007638D1 /* TokiDriftUITests.xctest */;
			productType = "com.apple.product-type.bundle.ui-testing";
		};
/* End PBXNativeTarget section */

/* Begin PBXProject section */
		0044B5E024CEE594007638D1 /* Project object */ = {
			isa = PBXProject;
			attributes = {
				LastSwiftUpdateCheck = 1140;
				LastUpgradeCheck = 1240;
				ORGANIZATIONNAME = "Robin Reggiani";
				TargetAttributes = {
					0044B5E724CEE594007638D1 = {
						CreatedOnToolsVersion = 11.4.1;
					};
					0044B5FD24CEE597007638D1 = {
						CreatedOnToolsVersion = 11.4.1;
						TestTargetID = 0044B5E724CEE594007638D1;
					};
					0044B60824CEE597007638D1 = {
						CreatedOnToolsVersion = 11.4.1;
						TestTargetID = 0044B5E724CEE594007638D1;
					};
				};
			};
			buildConfigurationList = 0044B5E324CEE594007638D1 /* Build configuration list for PBXProject "TokiDrift" */;
			compatibilityVersion = "Xcode 9.3";
			developmentRegion = en;
			hasScannedForEncodings = 0;
			knownRegions = (
				en,
				Base,
			);
			mainGroup = 0044B5DF24CEE594007638D1;
			productRefGroup = 0044B5E924CEE594007638D1 /* Products */;
			projectDirPath = "";
			projectRoot = "";
			targets = (
				0044B5E724CEE594007638D1 /* TokiDrift */,
				0044B5FD24CEE597007638D1 /* TokiDriftTests */,
				0044B60824CEE597007638D1 /* TokiDriftUITests */,
			);
		};
/* End PBXProject section */

/* Begin PBXResourcesBuildPhase section */
		0044B5E624CEE594007638D1 /* Resources */ = {
			isa = PBXResourcesBuildPhase;
			buildActionMask = 2147483647;
			files = (
				0044B5F824CEE596007638D1 /* LaunchScreen.storyboard in Resources */,
				0044B5F524CEE596007638D1 /* Assets.xcassets in Resources */,
				0044B5F324CEE594007638D1 /* Main.storyboard in Resources */,
			);
			runOnlyForDeploymentPostprocessing = 0;
		};
		0044B5FC24CEE597007638D1 /* Resources */ = {
			isa = PBXResourcesBuildPhase;
			buildActionMask = 2147483647;
			files = (
			);
			runOnlyForDeploymentPostprocessing = 0;
		};
		0044B60724CEE597007638D1 /* Resources */ = {
			isa = PBXResourcesBuildPhase;
			buildActionMask = 2147483647;
			files = (
			);
			runOnlyForDeploymentPostprocessing = 0;
		};
/* End PBXResourcesBuildPhase section */

/* Begin PBXSourcesBuildPhase section */
		0044B5E424CEE594007638D1 /* Sources */ = {
			isa = PBXSourcesBuildPhase;
			buildActionMask = 2147483647;
			files = (
				0044B5F024CEE594007638D1 /* MenuPage.swift in Sources */,
				00C6BE5B278FBADA008307E5 /* ChooseMenu.swift in Sources */,
				0044B5EC24CEE594007638D1 /* AppDelegate.swift in Sources */,
				00E81BBB279F3F48001D791D /* RiepilogoPage.swift in Sources */,
				0044B5EE24CEE594007638D1 /* SceneDelegate.swift in Sources */,
			);
			runOnlyForDeploymentPostprocessing = 0;
		};
		0044B5FA24CEE597007638D1 /* Sources */ = {
			isa = PBXSourcesBuildPhase;
			buildActionMask = 2147483647;
			files = (
				0044B60324CEE597007638D1 /* TokiDriftTests.swift in Sources */,
			);
			runOnlyForDeploymentPostprocessing = 0;
		};
		0044B60524CEE597007638D1 /* Sources */ = {
			isa = PBXSourcesBuildPhase;
			buildActionMask = 2147483647;
			files = (
				0044B60E24CEE597007638D1 /* TokiDriftUITests.swift in Sources */,
			);
			runOnlyForDeploymentPostprocessing = 0;
		};
/* End PBXSourcesBuildPhase section */

/* Begin PBXTargetDependency section */
		0044B60024CEE597007638D1 /* PBXTargetDependency */ = {
			isa = PBXTargetDependency;
			target = 0044B5E724CEE594007638D1 /* TokiDrift */;
			targetProxy = 0044B5FF24CEE597007638D1 /* PBXContainerItemProxy */;
		};
		0044B60B24CEE597007638D1 /* PBXTargetDependency */ = {
			isa = PBXTargetDependency;
			target = 0044B5E724CEE594007638D1 /* TokiDrift */;
			targetProxy = 0044B60A24CEE597007638D1 /* PBXContainerItemProxy */;
		};
/* End PBXTargetDependency section */

/* Begin PBXVariantGroup section */
		0044B5F124CEE594007638D1 /* Main.storyboard */ = {
			isa = PBXVariantGroup;
			children = (
				0044B5F224CEE594007638D1 /* Base */,
			);
			name = Main.storyboard;
			sourceTree = "<group>";
		};
		0044B5F624CEE596007638D1 /* LaunchScreen.storyboard */ = {
			isa = PBXVariantGroup;
			children = (
				0044B5F724CEE596007638D1 /* Base */,
			);
			name = LaunchScreen.storyboard;
			sourceTree = "<group>";
		};
/* End PBXVariantGroup section */

/* Begin XCBuildConfiguration section */
		0044B61024CEE597007638D1 /* Debug */ = {
			isa = XCBuildConfiguration;
			buildSettings = {
				ALWAYS_SEARCH_USER_PATHS = NO;
				CLANG_ANALYZER_NONNULL = YES;
				CLANG_ANALYZER_NUMBER_OBJECT_CONVERSION = YES_AGGRESSIVE;
				CLANG_CXX_LANGUAGE_STANDARD = "gnu++14";
				CLANG_CXX_LIBRARY = "libc++";
				CLANG_ENABLE_MODULES = YES;
				CLANG_ENABLE_OBJC_ARC = YES;
				CLANG_ENABLE_OBJC_WEAK = YES;
				CLANG_WARN_BLOCK_CAPTURE_AUTORELEASING = YES;
				CLANG_WARN_BOOL_CONVERSION = YES;
				CLANG_WARN_COMMA = YES;
				CLANG_WARN_CONSTANT_CONVERSION = YES;
				CLANG_WARN_DEPRECATED_OBJC_IMPLEMENTATIONS = YES;
				CLANG_WARN_DIRECT_OBJC_ISA_USAGE = YES_ERROR;
				CLANG_WARN_DOCUMENTATION_COMMENTS = YES;
				CLANG_WARN_EMPTY_BODY = YES;
				CLANG_WARN_ENUM_CONVERSION = YES;
				CLANG_WARN_INFINITE_RECURSION = YES;
				CLANG_WARN_INT_CONVERSION = YES;
				CLANG_WARN_NON_LITERAL_NULL_CONVERSION = YES;
				CLANG_WARN_OBJC_IMPLICIT_RETAIN_SELF = YES;
				CLANG_WARN_OBJC_LITERAL_CONVERSION = YES;
				CLANG_WARN_OBJC_ROOT_CLASS = YES_ERROR;
				CLANG_WARN_QUOTED_INCLUDE_IN_FRAMEWORK_HEADER = YES;
				CLANG_WARN_RANGE_LOOP_ANALYSIS = YES;
				CLANG_WARN_STRICT_PROTOTYPES = YES;
				CLANG_WARN_SUSPICIOUS_MOVE = YES;
				CLANG_WARN_UNGUARDED_AVAILABILITY = YES_AGGRESSIVE;
				CLANG_WARN_UNREACHABLE_CODE = YES;
				CLANG_WARN__DUPLICATE_METHOD_MATCH = YES;
				COPY_PHASE_STRIP = NO;
				DEBUG_INFORMATION_FORMAT = dwarf;
				ENABLE_STRICT_OBJC_MSGSEND = YES;
				ENABLE_TESTABILITY = YES;
				GCC_C_LANGUAGE_STANDARD = gnu11;
				GCC_DYNAMIC_NO_PIC = NO;
				GCC_NO_COMMON_BLOCKS = YES;
				GCC_OPTIMIZATION_LEVEL = 0;
				GCC_PREPROCESSOR_DEFINITIONS = (
					"DEBUG=1",
					"$(inherited)",
				);
				GCC_WARN_64_TO_32_BIT_CONVERSION = YES;
				GCC_WARN_ABOUT_RETURN_TYPE = YES_ERROR;
				GCC_WARN_UNDECLARED_SELECTOR = YES;
				GCC_WARN_UNINITIALIZED_AUTOS = YES_AGGRESSIVE;
				GCC_WARN_UNUSED_FUNCTION = YES;
				GCC_WARN_UNUSED_VARIABLE = YES;
				IPHONEOS_DEPLOYMENT_TARGET = 13.4;
				MTL_ENABLE_DEBUG_INFO = INCLUDE_SOURCE;
				MTL_FAST_MATH = YES;
				ONLY_ACTIVE_ARCH = YES;
				SDKROOT = iphoneos;
				SWIFT_ACTIVE_COMPILATION_CONDITIONS = DEBUG;
				SWIFT_OPTIMIZATION_LEVEL = "-Onone";
			};
			name = Debug;
		};
		0044B61124CEE597007638D1 /* Release */ = {
			isa = XCBuildConfiguration;
			buildSettings = {
				ALWAYS_SEARCH_USER_PATHS = NO;
				CLANG_ANALYZER_NONNULL = YES;
				CLANG_ANALYZER_NUMBER_OBJECT_CONVERSION = YES_AGGRESSIVE;
				CLANG_CXX_LANGUAGE_STANDARD = "gnu++14";
				CLANG_CXX_LIBRARY = "libc++";
				CLANG_ENABLE_MODULES = YES;
				CLANG_ENABLE_OBJC_ARC = YES;
				CLANG_ENABLE_OBJC_WEAK = YES;
				CLANG_WARN_BLOCK_CAPTURE_AUTORELEASING = YES;
				CLANG_WARN_BOOL_CONVERSION = YES;
				CLANG_WARN_COMMA = YES;
				CLANG_WARN_CONSTANT_CONVERSION = YES;
				CLANG_WARN_DEPRECATED_OBJC_IMPLEMENTATIONS = YES;
				CLANG_WARN_DIRECT_OBJC_ISA_USAGE = YES_ERROR;
				CLANG_WARN_DOCUMENTATION_COMMENTS = YES;
				CLANG_WARN_EMPTY_BODY = YES;
				CLANG_WARN_ENUM_CONVERSION = YES;
				CLANG_WARN_INFINITE_RECURSION = YES;
				CLANG_WARN_INT_CONVERSION = YES;
				CLANG_WARN_NON_LITERAL_NULL_CONVERSION = YES;
				CLANG_WARN_OBJC_IMPLICIT_RETAIN_SELF = YES;
				CLANG_WARN_OBJC_LITERAL_CONVERSION = YES;
				CLANG_WARN_OBJC_ROOT_CLASS = YES_ERROR;
				CLANG_WARN_QUOTED_INCLUDE_IN_FRAMEWORK_HEADER = YES;
				CLANG_WARN_RANGE_LOOP_ANALYSIS = YES;
				CLANG_WARN_STRICT_PROTOTYPES = YES;
				CLANG_WARN_SUSPICIOUS_MOVE = YES;
				CLANG_WARN_UNGUARDED_AVAILABILITY = YES_AGGRESSIVE;
				CLANG_WARN_UNREACHABLE_CODE = YES;
				CLANG_WARN__DUPLICATE_METHOD_MATCH = YES;
				COPY_PHASE_STRIP = NO;
				DEBUG_INFORMATION_FORMAT = "dwarf-with-dsym";
				ENABLE_NS_ASSERTIONS = NO;
				ENABLE_STRICT_OBJC_MSGSEND = YES;
				GCC_C_LANGUAGE_STANDARD = gnu11;
				GCC_NO_COMMON_BLOCKS = YES;
				GCC_WARN_64_TO_32_BIT_CONVERSION = YES;
				GCC_WARN_ABOUT_RETURN_TYPE = YES_ERROR;
				GCC_WARN_UNDECLARED_SELECTOR = YES;
				GCC_WARN_UNINITIALIZED_AUTOS = YES_AGGRESSIVE;
				GCC_WARN_UNUSED_FUNCTION = YES;
				GCC_WARN_UNUSED_VARIABLE = YES;
				IPHONEOS_DEPLOYMENT_TARGET = 13.4;
				MTL_ENABLE_DEBUG_INFO = NO;
				MTL_FAST_MATH = YES;
				SDKROOT = iphoneos;
				SWIFT_COMPILATION_MODE = wholemodule;
				SWIFT_OPTIMIZATION_LEVEL = "-O";
				VALIDATE_PRODUCT = YES;
			};
			name = Release;
		};
		0044B61324CEE597007638D1 /* Debug */ = {
			isa = XCBuildConfiguration;
			buildSettings = {
				ASSETCATALOG_COMPILER_APPICON_NAME = AppIcon;
				ASSETCATALOG_COMPILER_INCLUDE_ALL_APPICON_ASSETS = NO;
				CODE_SIGN_STYLE = Automatic;
				DEVELOPMENT_TEAM = 2G3JMYN5FU;
				INFOPLIST_FILE = TokiDrift/Info.plist;
				LD_RUNPATH_SEARCH_PATHS = (
					"$(inherited)",
					"@executable_path/Frameworks",
				);
				PRODUCT_BUNDLE_IDENTIFIER = com.TheRegRob.TokiDrift;
				PRODUCT_NAME = "$(TARGET_NAME)";
				SWIFT_VERSION = 5.0;
				TARGETED_DEVICE_FAMILY = 1;
			};
			name = Debug;
		};
		0044B61424CEE597007638D1 /* Release */ = {
			isa = XCBuildConfiguration;
			buildSettings = {
				ASSETCATALOG_COMPILER_APPICON_NAME = AppIcon;
				ASSETCATALOG_COMPILER_INCLUDE_ALL_APPICON_ASSETS = NO;
				CODE_SIGN_STYLE = Automatic;
				DEVELOPMENT_TEAM = 2G3JMYN5FU;
				INFOPLIST_FILE = TokiDrift/Info.plist;
				LD_RUNPATH_SEARCH_PATHS = (
					"$(inherited)",
					"@executable_path/Frameworks",
				);
				PRODUCT_BUNDLE_IDENTIFIER = com.TheRegRob.TokiDrift;
				PRODUCT_NAME = "$(TARGET_NAME)";
				SWIFT_VERSION = 5.0;
				TARGETED_DEVICE_FAMILY = 1;
			};
			name = Release;
		};
		0044B61624CEE597007638D1 /* Debug */ = {
			isa = XCBuildConfiguration;
			buildSettings = {
				ALWAYS_EMBED_SWIFT_STANDARD_LIBRARIES = YES;
				BUNDLE_LOADER = "$(TEST_HOST)";
				CODE_SIGN_STYLE = Automatic;
				DEVELOPMENT_TEAM = 2G3JMYN5FU;
				INFOPLIST_FILE = TokiDriftTests/Info.plist;
				IPHONEOS_DEPLOYMENT_TARGET = 13.4;
				LD_RUNPATH_SEARCH_PATHS = (
					"$(inherited)",
					"@executable_path/Frameworks",
					"@loader_path/Frameworks",
				);
				PRODUCT_BUNDLE_IDENTIFIER = com.TheRegRob.TokiDriftTests;
				PRODUCT_NAME = "$(TARGET_NAME)";
				SWIFT_VERSION = 5.0;
				TARGETED_DEVICE_FAMILY = "1,2";
				TEST_HOST = "$(BUILT_PRODUCTS_DIR)/TokiDrift.app/TokiDrift";
			};
			name = Debug;
		};
		0044B61724CEE597007638D1 /* Release */ = {
			isa = XCBuildConfiguration;
			buildSettings = {
				ALWAYS_EMBED_SWIFT_STANDARD_LIBRARIES = YES;
				BUNDLE_LOADER = "$(TEST_HOST)";
				CODE_SIGN_STYLE = Automatic;
				DEVELOPMENT_TEAM = 2G3JMYN5FU;
				INFOPLIST_FILE = TokiDriftTests/Info.plist;
				IPHONEOS_DEPLOYMENT_TARGET = 13.4;
				LD_RUNPATH_SEARCH_PATHS = (
					"$(inherited)",
					"@executable_path/Frameworks",
					"@loader_path/Frameworks",
				);
				PRODUCT_BUNDLE_IDENTIFIER = com.TheRegRob.TokiDriftTests;
				PRODUCT_NAME = "$(TARGET_NAME)";
				SWIFT_VERSION = 5.0;
				TARGETED_DEVICE_FAMILY = "1,2";
				TEST_HOST = "$(BUILT_PRODUCTS_DIR)/TokiDrift.app/TokiDrift";
			};
			name = Release;
		};
		0044B61924CEE597007638D1 /* Debug */ = {
			isa = XCBuildConfiguration;
			buildSettings = {
				ALWAYS_EMBED_SWIFT_STANDARD_LIBRARIES = YES;
				CODE_SIGN_STYLE = Automatic;
				DEVELOPMENT_TEAM = 2G3JMYN5FU;
				INFOPLIST_FILE = TokiDriftUITests/Info.plist;
				LD_RUNPATH_SEARCH_PATHS = (
					"$(inherited)",
					"@executable_path/Frameworks",
					"@loader_path/Frameworks",
				);
				PRODUCT_BUNDLE_IDENTIFIER = com.TheRegRob.TokiDriftUITests;
				PRODUCT_NAME = "$(TARGET_NAME)";
				SWIFT_VERSION = 5.0;
				TARGETED_DEVICE_FAMILY = "1,2";
				TEST_TARGET_NAME = TokiDrift;
			};
			name = Debug;
		};
		0044B61A24CEE597007638D1 /* Release */ = {
			isa = XCBuildConfiguration;
			buildSettings = {
				ALWAYS_EMBED_SWIFT_STANDARD_LIBRARIES = YES;
				CODE_SIGN_STYLE = Automatic;
				DEVELOPMENT_TEAM = 2G3JMYN5FU;
				INFOPLIST_FILE = TokiDriftUITests/Info.plist;
				LD_RUNPATH_SEARCH_PATHS = (
					"$(inherited)",
					"@executable_path/Frameworks",
					"@loader_path/Frameworks",
				);
				PRODUCT_BUNDLE_IDENTIFIER = com.TheRegRob.TokiDriftUITests;
				PRODUCT_NAME = "$(TARGET_NAME)";
				SWIFT_VERSION = 5.0;
				TARGETED_DEVICE_FAMILY = "1,2";
				TEST_TARGET_NAME = TokiDrift;
			};
			name = Release;
		};
/* End XCBuildConfiguration section */

/* Begin XCConfigurationList section */
		0044B5E324CEE594007638D1 /* Build configuration list for PBXProject "TokiDrift" */ = {
			isa = XCConfigurationList;
			buildConfigurations = (
				0044B61024CEE597007638D1 /* Debug */,
				0044B61124CEE597007638D1 /* Release */,
			);
			defaultConfigurationIsVisible = 0;
			defaultConfigurationName = Release;
		};
		0044B61224CEE597007638D1 /* Build configuration list for PBXNativeTarget "TokiDrift" */ = {
			isa = XCConfigurationList;
			buildConfigurations = (
				0044B61324CEE597007638D1 /* Debug */,
				0044B61424CEE597007638D1 /* Release */,
			);
			defaultConfigurationIsVisible = 0;
			defaultConfigurationName = Release;
		};
		0044B61524CEE597007638D1 /* Build configuration list for PBXNativeTarget "TokiDriftTests" */ = {
			isa = XCConfigurationList;
			buildConfigurations = (
				0044B61624CEE597007638D1 /* Debug */,
				0044B61724CEE597007638D1 /* Release */,
			);
			defaultConfigurationIsVisible = 0;
			defaultConfigurationName = Release;
		};
		0044B61824CEE597007638D1 /* Build configuration list for PBXNativeTarget "TokiDriftUITests" */ = {
			isa = XCConfigurationList;
			buildConfigurations = (
				0044B61924CEE597007638D1 /* Debug */,
				0044B61A24CEE597007638D1 /* Release */,
			);
			defaultConfigurationIsVisible = 0;
			defaultConfigurationName = Release;
		};
/* End XCConfigurationList section */
	};
	rootObject = 0044B5E024CEE594007638D1 /* Project object */;
}
